version = 4

[[package]]
name = "anyhow"
version = "1.0.104"

[[package]]
name = "app"
version = "0.1.0"
dependencies = ["anyhow", "once_cell", "regex", "service"]

[[package]]
name = "engine"
version = "0.1.0"
dependencies = ["anyhow", "libc 0.2.180", "thiserror"]

[[package]]
name = "libc"
version = "0.2.180"

[[package]]
name = "libc"
version = "0.3.1"

[[package]]
name = "once_cell"
version = "1.21.3"

[[package]]
name = "regex"
version = "1.12.3"
dependencies = ["libc 0.3.1"]

[[package]]
name = "service"
version = "0.1.0"
dependencies = ["anyhow", "engine"]

[[package]]
name = "thiserror"
version = "2.0.19"
